// !$*UTF8*$!
{
	archiveVersion = 1;
	classes = {
	};
	objectVersion = 50;
	objects = {

/* Begin PBXBuildFile section */
		735749E8239978E700A3A9C4 /* collectioncell.swift in Sources */ = {isa = PBXBuildFile; fileRef = 735749E7239978E700A3A9C4 /* collectioncell.swift */; };
		735749EB239AB11200A3A9C4 /* File.swift in Sources */ = {isa = PBXBuildFile; fileRef = 735749EA239AB11200A3A9C4 /* File.swift */; };
		735749EE239AB17F00A3A9C4 /* FlikerServer.swift in Sources */ = {isa = PBXBuildFile; fileRef = 735749ED239AB17F00A3A9C4 /* FlikerServer.swift */; };
		7366AD312390030900E3F023 /* AppDelegate.swift in Sources */ = {isa = PBXBuildFile; fileRef = 7366AD302390030900E3F023 /* AppDelegate.swift */; };
		7366AD332390030A00E3F023 /* MapVC.swift in Sources */ = {isa = PBXBuildFile; fileRef = 7366AD322390030A00E3F023 /* MapVC.swift */; };
		7366AD362390030A00E3F023 /* Main.storyboard in Resources */ = {isa = PBXBuildFile; fileRef = 7366AD342390030A00E3F023 /* Main.storyboard */; };
		7366AD382390031300E3F023 /* Assets.xcassets in Resources */ = {isa = PBXBuildFile; fileRef = 7366AD372390031300E3F023 /* Assets.xcassets */; };
		7366AD3B2390031300E3F023 /* LaunchScreen.storyboard in Resources */ = {isa = PBXBuildFile; fileRef = 7366AD392390031300E3F023 /* LaunchScreen.storyboard */; };
		DD9CE78717BB5040781781BD /* Pods_besideme.framework in Frameworks */ = {isa = PBXBuildFile; fileRef = E7663203EC369F5812B40DAA /* Pods_besideme.framework */; };
/* End PBXBuildFile section */

/* Begin PBXFileReference section */
		47CAAF5144FF232D8FA35BE4 /* Pods-besideme.release.xcconfig */ = {isa = PBXFileReference; includeInIndex = 1; lastKnownFileType = text.xcconfig; name = "Pods-besideme.release.xcconfig"; path = "Pods/Target Support Files/Pods-besideme/Pods-besideme.release.xcconfig"; sourceTree = "<group>"; };
		735749E7239978E700A3A9C4 /* collectioncell.swift */ = {isa = PBXFileReference; lastKnownFileType = sourcecode.swift; path = collectioncell.swift; sourceTree = "<group>"; };
		735749EA239AB11200A3A9C4 /* File.swift */ = {isa = PBXFileReference; lastKnownFileType = sourcecode.swift; path = File.swift; sourceTree = "<group>"; };
		735749ED239AB17F00A3A9C4 /* FlikerServer.swift */ = {isa = PBXFileReference; lastKnownFileType = sourcecode.swift; path = FlikerServer.swift; sourceTree = "<group>"; };
		7366AD2D2390030900E3F023 /* besideme.app */ = {isa = PBXFileReference; explicitFileType = wrapper.application; includeInIndex = 0; path = besideme.app; sourceTree = BUILT_PRODUCTS_DIR; };
		7366AD302390030900E3F023 /* AppDelegate.swift */ = {isa = PBXFileReference; lastKnownFileType = sourcecode.swift; path = AppDelegate.swift; sourceTree = "<group>"; };
		7366AD322390030A00E3F023 /* MapVC.swift */ = {isa = PBXFileReference; lastKnownFileType = sourcecode.swift; path = MapVC.swift; sourceTree = "<group>"; };
		7366AD352390030A00E3F023 /* Base */ = {isa = PBXFileReference; lastKnownFileType = file.storyboard; name = Base; path = Base.lproj/Main.storyboard; sourceTree = "<group>"; };
		7366AD372390031300E3F023 /* Assets.xcassets */ = {isa = PBXFileReference; lastKnownFileType = folder.assetcatalog; path = Assets.xcassets; sourceTree = "<group>"; };
		7366AD3A2390031300E3F023 /* Base */ = {isa = PBXFileReference; lastKnownFileType = file.storyboard; name = Base; path = Base.lproj/LaunchScreen.storyboard; sourceTree = "<group>"; };
		7366AD3C2390031300E3F023 /* Info.plist */ = {isa = PBXFileReference; lastKnownFileType = text.plist.xml; path = Info.plist; sourceTree = "<group>"; };
		AACB5A978ECFDBB8A502F5E4 /* Pods-besideme.debug.xcconfig */ = {isa = PBXFileReference; includeInIndex = 1; lastKnownFileType = text.xcconfig; name = "Pods-besideme.debug.xcconfig"; path = "Pods/Target Support Files/Pods-besideme/Pods-besideme.debug.xcconfig"; sourceTree = "<group>"; };
		E7663203EC369F5812B40DAA /* Pods_besideme.framework */ = {isa = PBXFileReference; explicitFileType = wrapper.framework; includeInIndex = 0; path = Pods_besideme.framework; sourceTree = BUILT_PRODUCTS_DIR; };
/* End PBXFileReference section */

/* Begin PBXFrameworksBuildPhase section */
		7366AD2A2390030900E3F023 /* Frameworks */ = {
			isa = PBXFrameworksBuildPhase;
			buildActionMask = 2147483647;
			files = (
				DD9CE78717BB5040781781BD /* Pods_besideme.framework in Frameworks */,
			);
			runOnlyForDeploymentPostprocessing = 0;
		};
/* End PBXFrameworksBuildPhase section */

/* Begin PBXGroup section */
		004C8A6B2AB835907875107F /* Frameworks */ = {
			isa = PBXGroup;
			children = (
				E7663203EC369F5812B40DAA /* Pods_besideme.framework */,
			);
			name = Frameworks;
			sourceTree = "<group>";
		};
		379520FC860315361BD331C5 /* Pods */ = {
			isa = PBXGroup;
			children = (
				AACB5A978ECFDBB8A502F5E4 /* Pods-besideme.debug.xcconfig */,
				47CAAF5144FF232D8FA35BE4 /* Pods-besideme.release.xcconfig */,
			);
			name = Pods;
			sourceTree = "<group>";
		};
		735749E9239AB10100A3A9C4 /* constants */ = {
			isa = PBXGroup;
			children = (
				735749EA239AB11200A3A9C4 /* File.swift */,
			);
			path = constants;
			sourceTree = "<group>";
		};
		735749EC239AB16100A3A9C4 /* Server */ = {
			isa = PBXGroup;
			children = (
				735749ED239AB17F00A3A9C4 /* FlikerServer.swift */,
			);
			path = Server;
			sourceTree = "<group>";
		};
		7366AD242390030900E3F023 = {
			isa = PBXGroup;
			children = (
				7366AD2F2390030900E3F023 /* besideme */,
				7366AD2E2390030900E3F023 /* Products */,
				379520FC860315361BD331C5 /* Pods */,
				004C8A6B2AB835907875107F /* Frameworks */,
			);
			sourceTree = "<group>";
		};
		7366AD2E2390030900E3F023 /* Products */ = {
			isa = PBXGroup;
			children = (
				7366AD2D2390030900E3F023 /* besideme.app */,
			);
			name = Products;
			sourceTree = "<group>";
		};
		7366AD2F2390030900E3F023 /* besideme */ = {
			isa = PBXGroup;
			children = (
				735749EC239AB16100A3A9C4 /* Server */,
				7366AD4623900D0600E3F023 /* extensions */,
				7366AD4523900CF900E3F023 /* utlities */,
				7366AD4423900CEA00E3F023 /* controller */,
				7366AD4323900CE300E3F023 /* view */,
				7366AD4223900CDC00E3F023 /* model */,
				7366AD302390030900E3F023 /* AppDelegate.swift */,
				7366AD342390030A00E3F023 /* Main.storyboard */,
				7366AD372390031300E3F023 /* Assets.xcassets */,
				7366AD392390031300E3F023 /* LaunchScreen.storyboard */,
				7366AD3C2390031300E3F023 /* Info.plist */,
			);
			path = besideme;
			sourceTree = "<group>";
		};
		7366AD4223900CDC00E3F023 /* model */ = {
			isa = PBXGroup;
			children = (
			);
			path = model;
			sourceTree = "<group>";
		};
		7366AD4323900CE300E3F023 /* view */ = {
			isa = PBXGroup;
			children = (
				735749E7239978E700A3A9C4 /* collectioncell.swift */,
			);
			path = view;
			sourceTree = "<group>";
		};
		7366AD4423900CEA00E3F023 /* controller */ = {
			isa = PBXGroup;
			children = (
				7366AD322390030A00E3F023 /* MapVC.swift */,
			);
			path = controller;
			sourceTree = "<group>";
		};
		7366AD4523900CF900E3F023 /* utlities */ = {
			isa = PBXGroup;
			children = (
				735749E9239AB10100A3A9C4 /* constants */,
			);
			path = utlities;
			sourceTree = "<group>";
		};
		7366AD4623900D0600E3F023 /* extensions */ = {
			isa = PBXGroup;
			children = (
			);
			path = extensions;
			sourceTree = "<group>";
		};
/* End PBXGroup section */

/* Begin PBXNativeTarget section */
		7366AD2C2390030900E3F023 /* besideme */ = {
			isa = PBXNativeTarget;
			buildConfigurationList = 7366AD3F2390031300E3F023 /* Build configuration list for PBXNativeTarget "besideme" */;
			buildPhases = (
				4BD8D905F37185FDFE8C2E76 /* [CP] Check Pods Manifest.lock */,
				7366AD292390030900E3F023 /* Sources */,
				7366AD2A2390030900E3F023 /* Frameworks */,
				7366AD2B2390030900E3F023 /* Resources */,
				0C2CF9DC8854DA5E67D3E272 /* [CP] Embed Pods Frameworks */,
			);
			buildRules = (
			);
			dependencies = (
			);
			name = besideme;
			productName = besideme;
			productReference = 7366AD2D2390030900E3F023 /* besideme.app */;
			productType = "com.apple.product-type.application";
		};
/* End PBXNativeTarget section */

/* Begin PBXProject section */
		7366AD252390030900E3F023 /* Project object */ = {
			isa = PBXProject;
			attributes = {
				LastSwiftUpdateCheck = 1010;
				LastUpgradeCheck = 1010;
				ORGANIZATIONNAME = "mohamed haggag";
				TargetAttributes = {
					7366AD2C2390030900E3F023 = {
						CreatedOnToolsVersion = 10.1;
					};
				};
			};
			buildConfigurationList = 7366AD282390030900E3F023 /* Build configuration list for PBXProject "besideme" */;
			compatibilityVersion = "Xcode 9.3";
			developmentRegion = en;
			hasScannedForEncodings = 0;
			knownRegions = (
				en,
				Base,
			);
			mainGroup = 7366AD242390030900E3F023;
			productRefGroup = 7366AD2E2390030900E3F023 /* Products */;
			projectDirPath = "";
			projectRoot = "";
			targets = (
				7366AD2C2390030900E3F023 /* besideme */,
			);
		};
/* End PBXProject section */

/* Begin PBXResourcesBuildPhase section */
		7366AD2B2390030900E3F023 /* Resources */ = {
			isa = PBXResourcesBuildPhase;
			buildActionMask = 2147483647;
			files = (
				7366AD3B2390031300E3F023 /* LaunchScreen.storyboard in Resources */,
				7366AD382390031300E3F023 /* Assets.xcassets in Resources */,
				7366AD362390030A00E3F023 /* Main.storyboard in Resources */,
			);
			runOnlyForDeploymentPostprocessing = 0;
		};
/* End PBXResourcesBuildPhase section */

/* Begin PBXShellScriptBuildPhase section */
		0C2CF9DC8854DA5E67D3E272 /* [CP] Embed Pods Frameworks */ = {
			isa = PBXShellScriptBuildPhase;
			buildActionMask = 2147483647;
			files = (
			);
			inputPaths = (
				"${SRCROOT}/Pods/Target Support Files/Pods-besideme/Pods-besideme-frameworks.sh",
				"${BUILT_PRODUCTS_DIR}/Alamofire/Alamofire.framework",
				"${BUILT_PRODUCTS_DIR}/AlamofireImage/AlamofireImage.framework",
			);
			name = "[CP] Embed Pods Frameworks";
			outputPaths = (
				"${TARGET_BUILD_DIR}/${FRAMEWORKS_FOLDER_PATH}/Alamofire.framework",
				"${TARGET_BUILD_DIR}/${FRAMEWORKS_FOLDER_PATH}/AlamofireImage.framework",
			);
			runOnlyForDeploymentPostprocessing = 0;
			shellPath = /bin/sh;
			shellScript = "\"${SRCROOT}/Pods/Target Support Files/Pods-besideme/Pods-besideme-frameworks.sh\"\n";
			showEnvVarsInLog = 0;
		};
		4BD8D905F37185FDFE8C2E76 /* [CP] Check Pods Manifest.lock */ = {
			isa = PBXShellScriptBuildPhase;
			buildActionMask = 2147483647;
			files = (
			);
			inputPaths = (
				"${PODS_PODFILE_DIR_PATH}/Podfile.lock",
				"${PODS_ROOT}/Manifest.lock",
			);
			name = "[CP] Check Pods Manifest.lock";
			outputPaths = (
				"$(DERIVED_FILE_DIR)/Pods-besideme-checkManifestLockResult.txt",
			);
			runOnlyForDeploymentPostprocessing = 0;
			shellPath = /bin/sh;
			shellScript = "diff \"${PODS_PODFILE_DIR_PATH}/Podfile.lock\" \"${PODS_ROOT}/Manifest.lock\" > /dev/null\nif [ $? != 0 ] ; then\n    # print error to STDERR\n    echo \"error: The sandbox is not in sync with the Podfile.lock. Run 'pod install' or update your CocoaPods installation.\" >&2\n    exit 1\nfi\n# This output is used by Xcode 'outputs' to avoid re-running this script phase.\necho \"SUCCESS\" > \"${SCRIPT_OUTPUT_FILE_0}\"\n";
			showEnvVarsInLog = 0;
		};
/* End PBXShellScriptBuildPhase section */

/* Begin PBXSourcesBuildPhase section */
		7366AD292390030900E3F023 /* Sources */ = {
			isa = PBXSourcesBuildPhase;
			buildActionMask = 2147483647;
			files = (
				7366AD332390030A00E3F023 /* MapVC.swift in Sources */,
				735749EB239AB11200A3A9C4 /* File.swift in Sources */,
				7366AD312390030900E3F023 /* AppDelegate.swift in Sources */,
				735749EE239AB17F00A3A9C4 /* FlikerServer.swift in Sources */,
				735749E8239978E700A3A9C4 /* collectioncell.swift in Sources */,
			);
			runOnlyForDeploymentPostprocessing = 0;
		};
/* End PBXSourcesBuildPhase section */

/* Begin PBXVariantGroup section */
		7366AD342390030A00E3F023 /* Main.storyboard */ = {
			isa = PBXVariantGroup;
			children = (
				7366AD352390030A00E3F023 /* Base */,
			);
			name = Main.storyboard;
			sourceTree = "<group>";
		};
		7366AD392390031300E3F023 /* LaunchScreen.storyboard */ = {
			isa = PBXVariantGroup;
			children = (
				7366AD3A2390031300E3F023 /* Base */,
			);
			name = LaunchScreen.storyboard;
			sourceTree = "<group>";
		};
/* End PBXVariantGroup section */

/* Begin XCBuildConfiguration section */
		7366AD3D2390031300E3F023 /* Debug */ = {
			isa = XCBuildConfiguration;
			buildSettings = {
				ALWAYS_SEARCH_USER_PATHS = NO;
				CLANG_ANALYZER_NONNULL = YES;
				CLANG_ANALYZER_NUMBER_OBJECT_CONVERSION = YES_AGGRESSIVE;
				CLANG_CXX_LANGUAGE_STANDARD = "gnu++14";
				CLANG_CXX_LIBRARY = "libc++";
				CLANG_ENABLE_MODULES = YES;
				CLANG_ENABLE_OBJC_ARC = YES;
				CLANG_ENABLE_OBJC_WEAK = YES;
				CLANG_WARN_BLOCK_CAPTURE_AUTORELEASING = YES;
				CLANG_WARN_BOOL_CONVERSION = YES;
				CLANG_WARN_COMMA = YES;
				CLANG_WARN_CONSTANT_CONVERSION = YES;
				CLANG_WARN_DEPRECATED_OBJC_IMPLEMENTATIONS = YES;
				CLANG_WARN_DIRECT_OBJC_ISA_USAGE = YES_ERROR;
				CLANG_WARN_DOCUMENTATION_COMMENTS = YES;
				CLANG_WARN_EMPTY_BODY = YES;
				CLANG_WARN_ENUM_CONVERSION = YES;
				CLANG_WARN_INFINITE_RECURSION = YES;
				CLANG_WARN_INT_CONVERSION = YES;
				CLANG_WARN_NON_LITERAL_NULL_CONVERSION = YES;
				CLANG_WARN_OBJC_IMPLICIT_RETAIN_SELF = YES;
				CLANG_WARN_OBJC_LITERAL_CONVERSION = YES;
				CLANG_WARN_OBJC_ROOT_CLASS = YES_ERROR;
				CLANG_WARN_RANGE_LOOP_ANALYSIS = YES;
				CLANG_WARN_STRICT_PROTOTYPES = YES;
				CLANG_WARN_SUSPICIOUS_MOVE = YES;
				CLANG_WARN_UNGUARDED_AVAILABILITY = YES_AGGRESSIVE;
				CLANG_WARN_UNREACHABLE_CODE = YES;
				CLANG_WARN__DUPLICATE_METHOD_MATCH = YES;
				CODE_SIGN_IDENTITY = "iPhone Developer";
				COPY_PHASE_STRIP = NO;
				DEBUG_INFORMATION_FORMAT = dwarf;
				ENABLE_STRICT_OBJC_MSGSEND = YES;
				ENABLE_TESTABILITY = YES;
				GCC_C_LANGUAGE_STANDARD = gnu11;
				GCC_DYNAMIC_NO_PIC = NO;
				GCC_NO_COMMON_BLOCKS = YES;
				GCC_OPTIMIZATION_LEVEL = 0;
				GCC_PREPROCESSOR_DEFINITIONS = (
					"DEBUG=1",
					"$(inherited)",
				);
				GCC_WARN_64_TO_32_BIT_CONVERSION = YES;
				GCC_WARN_ABOUT_RETURN_TYPE = YES_ERROR;
				GCC_WARN_UNDECLARED_SELECTOR = YES;
				GCC_WARN_UNINITIALIZED_AUTOS = YES_AGGRESSIVE;
				GCC_WARN_UNUSED_FUNCTION = YES;
				GCC_WARN_UNUSED_VARIABLE = YES;
				IPHONEOS_DEPLOYMENT_TARGET = 12.1;
				MTL_ENABLE_DEBUG_INFO = INCLUDE_SOURCE;
				MTL_FAST_MATH = YES;
				ONLY_ACTIVE_ARCH = YES;
				SDKROOT = iphoneos;
				SWIFT_ACTIVE_COMPILATION_CONDITIONS = DEBUG;
				SWIFT_OPTIMIZATION_LEVEL = "-Onone";
			};
			name = Debug;
		};
		7366AD3E2390031300E3F023 /* Release */ = {
			isa = XCBuildConfiguration;
			buildSettings = {
				ALWAYS_SEARCH_USER_PATHS = NO;
				CLANG_ANALYZER_NONNULL = YES;
				CLANG_ANALYZER_NUMBER_OBJECT_CONVERSION = YES_AGGRESSIVE;
				CLANG_CXX_LANGUAGE_STANDARD = "gnu++14";
				CLANG_CXX_LIBRARY = "libc++";
				CLANG_ENABLE_MODULES = YES;
				CLANG_ENABLE_OBJC_ARC = YES;
				CLANG_ENABLE_OBJC_WEAK = YES;
				CLANG_WARN_BLOCK_CAPTURE_AUTORELEASING = YES;
				CLANG_WARN_BOOL_CONVERSION = YES;
				CLANG_WARN_COMMA = YES;
				CLANG_WARN_CONSTANT_CONVERSION = YES;
				CLANG_WARN_DEPRECATED_OBJC_IMPLEMENTATIONS = YES;
				CLANG_WARN_DIRECT_OBJC_ISA_USAGE = YES_ERROR;
				CLANG_WARN_DOCUMENTATION_COMMENTS = YES;
				CLANG_WARN_EMPTY_BODY = YES;
				CLANG_WARN_ENUM_CONVERSION = YES;
				CLANG_WARN_INFINITE_RECURSION = YES;
				CLANG_WARN_INT_CONVERSION = YES;
				CLANG_WARN_NON_LITERAL_NULL_CONVERSION = YES;
				CLANG_WARN_OBJC_IMPLICIT_RETAIN_SELF = YES;
				CLANG_WARN_OBJC_LITERAL_CONVERSION = YES;
				CLANG_WARN_OBJC_ROOT_CLASS = YES_ERROR;
				CLANG_WARN_RANGE_LOOP_ANALYSIS = YES;
				CLANG_WARN_STRICT_PROTOTYPES = YES;
				CLANG_WARN_SUSPICIOUS_MOVE = YES;
				CLANG_WARN_UNGUARDED_AVAILABILITY = YES_AGGRESSIVE;
				CLANG_WARN_UNREACHABLE_CODE = YES;
				CLANG_WARN__DUPLICATE_METHOD_MATCH = YES;
				CODE_SIGN_IDENTITY = "iPhone Developer";
				COPY_PHASE_STRIP = NO;
				DEBUG_INFORMATION_FORMAT = "dwarf-with-dsym";
				ENABLE_NS_ASSERTIONS = NO;
				ENABLE_STRICT_OBJC_MSGSEND = YES;
				GCC_C_LANGUAGE_STANDARD = gnu11;
				GCC_NO_COMMON_BLOCKS = YES;
				GCC_WARN_64_TO_32_BIT_CONVERSION = YES;
				GCC_WARN_ABOUT_RETURN_TYPE = YES_ERROR;
				GCC_WARN_UNDECLARED_SELECTOR = YES;
				GCC_WARN_UNINITIALIZED_AUTOS = YES_AGGRESSIVE;
				GCC_WARN_UNUSED_FUNCTION = YES;
				GCC_WARN_UNUSED_VARIABLE = YES;
				IPHONEOS_DEPLOYMENT_TARGET = 12.1;
				MTL_ENABLE_DEBUG_INFO = NO;
				MTL_FAST_MATH = YES;
				SDKROOT = iphoneos;
				SWIFT_COMPILATION_MODE = wholemodule;
				SWIFT_OPTIMIZATION_LEVEL = "-O";
				VALIDATE_PRODUCT = YES;
			};
			name = Release;
		};
		7366AD402390031300E3F023 /* Debug */ = {
			isa = XCBuildConfiguration;
			baseConfigurationReference = AACB5A978ECFDBB8A502F5E4 /* Pods-besideme.debug.xcconfig */;
			buildSettings = {
				ASSETCATALOG_COMPILER_APPICON_NAME = AppIcon;
				CODE_SIGN_STYLE = Automatic;
				INFOPLIST_FILE = besideme/Info.plist;
				LD_RUNPATH_SEARCH_PATHS = (
					"$(inherited)",
					"@executable_path/Frameworks",
				);
				PRODUCT_BUNDLE_IDENTIFIER = fst.besideme;
				PRODUCT_NAME = "$(TARGET_NAME)";
				SWIFT_VERSION = 4.2;
				TARGETED_DEVICE_FAMILY = "1,2";
			};
			name = Debug;
		};
		7366AD412390031300E3F023 /* Release */ = {
			isa = XCBuildConfiguration;
			baseConfigurationReference = 47CAAF5144FF232D8FA35BE4 /* Pods-besideme.release.xcconfig */;
			buildSettings = {
				ASSETCATALOG_COMPILER_APPICON_NAME = AppIcon;
				CODE_SIGN_STYLE = Automatic;
				INFOPLIST_FILE = besideme/Info.plist;
				LD_RUNPATH_SEARCH_PATHS = (
					"$(inherited)",
					"@executable_path/Frameworks",
				);
				PRODUCT_BUNDLE_IDENTIFIER = fst.besideme;
				PRODUCT_NAME = "$(TARGET_NAME)";
				SWIFT_VERSION = 4.2;
				TARGETED_DEVICE_FAMILY = "1,2";
			};
			name = Release;
		};
/* End XCBuildConfiguration section */

/* Begin XCConfigurationList section */
		7366AD282390030900E3F023 /* Build configuration list for PBXProject "besideme" */ = {
			isa = XCConfigurationList;
			buildConfigurations = (
				7366AD3D2390031300E3F023 /* Debug */,
				7366AD3E2390031300E3F023 /* Release */,
			);
			defaultConfigurationIsVisible = 0;
			defaultConfigurationName = Release;
		};
		7366AD3F2390031300E3F023 /* Build configuration list for PBXNativeTarget "besideme" */ = {
			isa = XCConfigurationList;
			buildConfigurations = (
				7366AD402390031300E3F023 /* Debug */,
				7366AD412390031300E3F023 /* Release */,
			);
			defaultConfigurationIsVisible = 0;
			defaultConfigurationName = Release;
		};
/* End XCConfigurationList section */
	};
	rootObject = 7366AD252390030900E3F023 /* Project object */;
}
